// !$*UTF8*$!
{
	archiveVersion = 1;
	classes = {
	};
	objectVersion = 46;
	objects = {

/* Begin PBXBuildFile section */
		5C0043901A3585DE0019AA6C /* main.m in Sources */ = {isa = PBXBuildFile; fileRef = 5C00438F1A3585DE0019AA6C /* main.m */; };
		5C0043931A3585DE0019AA6C /* AppDelegate.m in Sources */ = {isa = PBXBuildFile; fileRef = 5C0043921A3585DE0019AA6C /* AppDelegate.m */; };
		5C0043961A3585DE0019AA6C /* ViewController.m in Sources */ = {isa = PBXBuildFile; fileRef = 5C0043951A3585DE0019AA6C /* ViewController.m */; };
		5C0043991A3585DE0019AA6C /* Main.storyboard in Resources */ = {isa = PBXBuildFile; fileRef = 5C0043971A3585DE0019AA6C /* Main.storyboard */; };
		5C00439B1A3585DE0019AA6C /* Images.xcassets in Resources */ = {isa = PBXBuildFile; fileRef = 5C00439A1A3585DE0019AA6C /* Images.xcassets */; };
		5C00439E1A3585DE0019AA6C /* LaunchScreen.xib in Resources */ = {isa = PBXBuildFile; fileRef = 5C00439C1A3585DE0019AA6C /* LaunchScreen.xib */; };
		5C0043AA1A3585DE0019AA6C /* SendTopicTests.m in Sources */ = {isa = PBXBuildFile; fileRef = 5C0043A91A3585DE0019AA6C /* SendTopicTests.m */; };
		5C8E7FFD1A383301000BE1F6 /* UserLocationViewController.m in Sources */ = {isa = PBXBuildFile; fileRef = 5C8E7FFC1A383301000BE1F6 /* UserLocationViewController.m */; };
		5C8E7FFF1A383389000BE1F6 /* CoreLocation.framework in Frameworks */ = {isa = PBXBuildFile; fileRef = 5C8E7FFE1A383389000BE1F6 /* CoreLocation.framework */; };
/* End PBXBuildFile section */

/* Begin PBXContainerItemProxy section */
		5C0043A41A3585DE0019AA6C /* PBXContainerItemProxy */ = {
			isa = PBXContainerItemProxy;
			containerPortal = 5C0043821A3585DE0019AA6C /* Project object */;
			proxyType = 1;
			remoteGlobalIDString = 5C0043891A3585DE0019AA6C;
			remoteInfo = SendTopic;
		};
/* End PBXContainerItemProxy section */

/* Begin PBXFileReference section */
		5C00438A1A3585DE0019AA6C /* SendTopic.app */ = {isa = PBXFileReference; explicitFileType = wrapper.application; includeInIndex = 0; path = SendTopic.app; sourceTree = BUILT_PRODUCTS_DIR; };
		5C00438E1A3585DE0019AA6C /* Info.plist */ = {isa = PBXFileReference; lastKnownFileType = text.plist.xml; path = Info.plist; sourceTree = "<group>"; };
		5C00438F1A3585DE0019AA6C /* main.m */ = {isa = PBXFileReference; lastKnownFileType = sourcecode.c.objc; path = main.m; sourceTree = "<group>"; };
		5C0043911A3585DE0019AA6C /* AppDelegate.h */ = {isa = PBXFileReference; lastKnownFileType = sourcecode.c.h; path = AppDelegate.h; sourceTree = "<group>"; };
		5C0043921A3585DE0019AA6C /* AppDelegate.m */ = {isa = PBXFileReference; lastKnownFileType = sourcecode.c.objc; path = AppDelegate.m; sourceTree = "<group>"; };
		5C0043941A3585DE0019AA6C /* ViewController.h */ = {isa = PBXFileReference; lastKnownFileType = sourcecode.c.h; path = ViewController.h; sourceTree = "<group>"; };
		5C0043951A3585DE0019AA6C /* ViewController.m */ = {isa = PBXFileReference; lastKnownFileType = sourcecode.c.objc; path = ViewController.m; sourceTree = "<group>"; };
		5C0043981A3585DE0019AA6C /* Base */ = {isa = PBXFileReference; lastKnownFileType = file.storyboard; name = Base; path = Base.lproj/Main.storyboard; sourceTree = "<group>"; };
		5C00439A1A3585DE0019AA6C /* Images.xcassets */ = {isa = PBXFileReference; lastKnownFileType = folder.assetcatalog; path = Images.xcassets; sourceTree = "<group>"; };
		5C00439D1A3585DE0019AA6C /* Base */ = {isa = PBXFileReference; lastKnownFileType = file.xib; name = Base; path = Base.lproj/LaunchScreen.xib; sourceTree = "<group>"; };
		5C0043A31A3585DE0019AA6C /* SendTopicTests.xctest */ = {isa = PBXFileReference; explicitFileType = wrapper.cfbundle; includeInIndex = 0; path = SendTopicTests.xctest; sourceTree = BUILT_PRODUCTS_DIR; };
		5C0043A81A3585DE0019AA6C /* Info.plist */ = {isa = PBXFileReference; lastKnownFileType = text.plist.xml; path = Info.plist; sourceTree = "<group>"; };
		5C0043A91A3585DE0019AA6C /* SendTopicTests.m */ = {isa = PBXFileReference; lastKnownFileType = sourcecode.c.objc; path = SendTopicTests.m; sourceTree = "<group>"; };
		5C8E7FFB1A383301000BE1F6 /* UserLocationViewController.h */ = {isa = PBXFileReference; fileEncoding = 4; lastKnownFileType = sourcecode.c.h; path = UserLocationViewController.h; sourceTree = "<group>"; };
		5C8E7FFC1A383301000BE1F6 /* UserLocationViewController.m */ = {isa = PBXFileReference; fileEncoding = 4; lastKnownFileType = sourcecode.c.objc; path = UserLocationViewController.m; sourceTree = "<group>"; };
		5C8E7FFE1A383389000BE1F6 /* CoreLocation.framework */ = {isa = PBXFileReference; lastKnownFileType = wrapper.framework; name = CoreLocation.framework; path = System/Library/Frameworks/CoreLocation.framework; sourceTree = SDKROOT; };
/* End PBXFileReference section */

/* Begin PBXFrameworksBuildPhase section */
		5C0043871A3585DE0019AA6C /* Frameworks */ = {
			isa = PBXFrameworksBuildPhase;
			buildActionMask = 2147483647;
			files = (
				5C8E7FFF1A383389000BE1F6 /* CoreLocation.framework in Frameworks */,
			);
			runOnlyForDeploymentPostprocessing = 0;
		};
		5C0043A01A3585DE0019AA6C /* Frameworks */ = {
			isa = PBXFrameworksBuildPhase;
			buildActionMask = 2147483647;
			files = (
			);
			runOnlyForDeploymentPostprocessing = 0;
		};
/* End PBXFrameworksBuildPhase section */

/* Begin PBXGroup section */
		5C0043811A3585DE0019AA6C = {
			isa = PBXGroup;
			children = (
				5C8E7FFE1A383389000BE1F6 /* CoreLocation.framework */,
				5C00438C1A3585DE0019AA6C /* SendTopic */,
				5C0043A61A3585DE0019AA6C /* SendTopicTests */,
				5C00438B1A3585DE0019AA6C /* Products */,
			);
			sourceTree = "<group>";
		};
		5C00438B1A3585DE0019AA6C /* Products */ = {
			isa = PBXGroup;
			children = (
				5C00438A1A3585DE0019AA6C /* SendTopic.app */,
				5C0043A31A3585DE0019AA6C /* SendTopicTests.xctest */,
			);
			name = Products;
			sourceTree = "<group>";
		};
		5C00438C1A3585DE0019AA6C /* SendTopic */ = {
			isa = PBXGroup;
			children = (
				5C0043911A3585DE0019AA6C /* AppDelegate.h */,
				5C0043921A3585DE0019AA6C /* AppDelegate.m */,
				5C0043941A3585DE0019AA6C /* ViewController.h */,
				5C0043951A3585DE0019AA6C /* ViewController.m */,
				5C8E7FFB1A383301000BE1F6 /* UserLocationViewController.h */,
				5C8E7FFC1A383301000BE1F6 /* UserLocationViewController.m */,
				5C0043971A3585DE0019AA6C /* Main.storyboard */,
				5C00439A1A3585DE0019AA6C /* Images.xcassets */,
				5C00439C1A3585DE0019AA6C /* LaunchScreen.xib */,
				5C00438D1A3585DE0019AA6C /* Supporting Files */,
			);
			path = SendTopic;
			sourceTree = "<group>";
		};
		5C00438D1A3585DE0019AA6C /* Supporting Files */ = {
			isa = PBXGroup;
			children = (
				5C00438E1A3585DE0019AA6C /* Info.plist */,
				5C00438F1A3585DE0019AA6C /* main.m */,
			);
			name = "Supporting Files";
			sourceTree = "<group>";
		};
		5C0043A61A3585DE0019AA6C /* SendTopicTests */ = {
			isa = PBXGroup;
			children = (
				5C0043A91A3585DE0019AA6C /* SendTopicTests.m */,
				5C0043A71A3585DE0019AA6C /* Supporting Files */,
			);
			path = SendTopicTests;
			sourceTree = "<group>";
		};
		5C0043A71A3585DE0019AA6C /* Supporting Files */ = {
			isa = PBXGroup;
			children = (
				5C0043A81A3585DE0019AA6C /* Info.plist */,
			);
			name = "Supporting Files";
			sourceTree = "<group>";
		};
/* End PBXGroup section */

/* Begin PBXNativeTarget section */
		5C0043891A3585DE0019AA6C /* SendTopic */ = {
			isa = PBXNativeTarget;
			buildConfigurationList = 5C0043AD1A3585DE0019AA6C /* Build configuration list for PBXNativeTarget "SendTopic" */;
			buildPhases = (
				5C0043861A3585DE0019AA6C /* Sources */,
				5C0043871A3585DE0019AA6C /* Frameworks */,
				5C0043881A3585DE0019AA6C /* Resources */,
			);
			buildRules = (
			);
			dependencies = (
			);
			name = SendTopic;
			productName = SendTopic;
			productReference = 5C00438A1A3585DE0019AA6C /* SendTopic.app */;
			productType = "com.apple.product-type.application";
		};
		5C0043A21A3585DE0019AA6C /* SendTopicTests */ = {
			isa = PBXNativeTarget;
			buildConfigurationList = 5C0043B01A3585DE0019AA6C /* Build configuration list for PBXNativeTarget "SendTopicTests" */;
			buildPhases = (
				5C00439F1A3585DE0019AA6C /* Sources */,
				5C0043A01A3585DE0019AA6C /* Frameworks */,
				5C0043A11A3585DE0019AA6C /* Resources */,
			);
			buildRules = (
			);
			dependencies = (
				5C0043A51A3585DE0019AA6C /* PBXTargetDependency */,
			);
			name = SendTopicTests;
			productName = SendTopicTests;
			productReference = 5C0043A31A3585DE0019AA6C /* SendTopicTests.xctest */;
			productType = "com.apple.product-type.bundle.unit-test";
		};
/* End PBXNativeTarget section */

/* Begin PBXProject section */
		5C0043821A3585DE0019AA6C /* Project object */ = {
			isa = PBXProject;
			attributes = {
				LastUpgradeCheck = 0610;
				ORGANIZATIONNAME = iwind;
				TargetAttributes = {
					5C0043891A3585DE0019AA6C = {
						CreatedOnToolsVersion = 6.1.1;
					};
					5C0043A21A3585DE0019AA6C = {
						CreatedOnToolsVersion = 6.1.1;
						TestTargetID = 5C0043891A3585DE0019AA6C;
					};
				};
			};
			buildConfigurationList = 5C0043851A3585DE0019AA6C /* Build configuration list for PBXProject "SendTopic" */;
			compatibilityVersion = "Xcode 3.2";
			developmentRegion = English;
			hasScannedForEncodings = 0;
			knownRegions = (
				en,
				Base,
			);
			mainGroup = 5C0043811A3585DE0019AA6C;
			productRefGroup = 5C00438B1A3585DE0019AA6C /* Products */;
			projectDirPath = "";
			projectRoot = "";
			targets = (
				5C0043891A3585DE0019AA6C /* SendTopic */,
				5C0043A21A3585DE0019AA6C /* SendTopicTests */,
			);
		};
/* End PBXProject section */

/* Begin PBXResourcesBuildPhase section */
		5C0043881A3585DE0019AA6C /* Resources */ = {
			isa = PBXResourcesBuildPhase;
			buildActionMask = 2147483647;
			files = (
				5C0043991A3585DE0019AA6C /* Main.storyboard in Resources */,
				5C00439E1A3585DE0019AA6C /* LaunchScreen.xib in Resources */,
				5C00439B1A3585DE0019AA6C /* Images.xcassets in Resources */,
			);
			runOnlyForDeploymentPostprocessing = 0;
		};
		5C0043A11A3585DE0019AA6C /* Resources */ = {
			isa = PBXResourcesBuildPhase;
			buildActionMask = 2147483647;
			files = (
			);
			runOnlyForDeploymentPostprocessing = 0;
		};
/* End PBXResourcesBuildPhase section */

/* Begin PBXSourcesBuildPhase section */
		5C0043861A3585DE0019AA6C /* Sources */ = {
			isa = PBXSourcesBuildPhase;
			buildActionMask = 2147483647;
			files = (
				5C0043961A3585DE0019AA6C /* ViewController.m in Sources */,
				5C0043931A3585DE0019AA6C /* AppDelegate.m in Sources */,
				5C8E7FFD1A383301000BE1F6 /* UserLocationViewController.m in Sources */,
				5C0043901A3585DE0019AA6C /* main.m in Sources */,
			);
			runOnlyForDeploymentPostprocessing = 0;
		};
		5C00439F1A3585DE0019AA6C /* Sources */ = {
			isa = PBXSourcesBuildPhase;
			buildActionMask = 2147483647;
			files = (
				5C0043AA1A3585DE0019AA6C /* SendTopicTests.m in Sources */,
			);
			runOnlyForDeploymentPostprocessing = 0;
		};
/* End PBXSourcesBuildPhase section */

/* Begin PBXTargetDependency section */
		5C0043A51A3585DE0019AA6C /* PBXTargetDependency */ = {
			isa = PBXTargetDependency;
			target = 5C0043891A3585DE0019AA6C /* SendTopic */;
			targetProxy = 5C0043A41A3585DE0019AA6C /* PBXContainerItemProxy */;
		};
/* End PBXTargetDependency section */

/* Begin PBXVariantGroup section */
		5C0043971A3585DE0019AA6C /* Main.storyboard */ = {
			isa = PBXVariantGroup;
			children = (
				5C0043981A3585DE0019AA6C /* Base */,
			);
			name = Main.storyboard;
			sourceTree = "<group>";
		};
		5C00439C1A3585DE0019AA6C /* LaunchScreen.xib */ = {
			isa = PBXVariantGroup;
			children = (
				5C00439D1A3585DE0019AA6C /* Base */,
			);
			name = LaunchScreen.xib;
			sourceTree = "<group>";
		};
/* End PBXVariantGroup section */

/* Begin XCBuildConfiguration section */
		5C0043AB1A3585DE0019AA6C /* Debug */ = {
			isa = XCBuildConfiguration;
			buildSettings = {
				ALWAYS_SEARCH_USER_PATHS = NO;
				CLANG_CXX_LANGUAGE_STANDARD = "gnu++0x";
				CLANG_CXX_LIBRARY = "libc++";
				CLANG_ENABLE_MODULES = YES;
				CLANG_ENABLE_OBJC_ARC = YES;
				CLANG_WARN_BOOL_CONVERSION = YES;
				CLANG_WARN_CONSTANT_CONVERSION = YES;
				CLANG_WARN_DIRECT_OBJC_ISA_USAGE = YES_ERROR;
				CLANG_WARN_EMPTY_BODY = YES;
				CLANG_WARN_ENUM_CONVERSION = YES;
				CLANG_WARN_INT_CONVERSION = YES;
				CLANG_WARN_OBJC_ROOT_CLASS = YES_ERROR;
				CLANG_WARN_UNREACHABLE_CODE = YES;
				CLANG_WARN__DUPLICATE_METHOD_MATCH = YES;
				"CODE_SIGN_IDENTITY[sdk=iphoneos*]" = "iPhone Developer";
				COPY_PHASE_STRIP = NO;
				ENABLE_STRICT_OBJC_MSGSEND = YES;
				GCC_C_LANGUAGE_STANDARD = gnu99;
				GCC_DYNAMIC_NO_PIC = NO;
				GCC_OPTIMIZATION_LEVEL = 0;
				GCC_PREPROCESSOR_DEFINITIONS = (
					"DEBUG=1",
					"$(inherited)",
				);
				GCC_SYMBOLS_PRIVATE_EXTERN = NO;
				GCC_WARN_64_TO_32_BIT_CONVERSION = YES;
				GCC_WARN_ABOUT_RETURN_TYPE = YES_ERROR;
				GCC_WARN_UNDECLARED_SELECTOR = YES;
				GCC_WARN_UNINITIALIZED_AUTOS = YES_AGGRESSIVE;
				GCC_WARN_UNUSED_FUNCTION = YES;
				GCC_WARN_UNUSED_VARIABLE = YES;
				IPHONEOS_DEPLOYMENT_TARGET = 8.1;
				MTL_ENABLE_DEBUG_INFO = YES;
				ONLY_ACTIVE_ARCH = YES;
				SDKROOT = iphoneos;
			};
			name = Debug;
		};
		5C0043AC1A3585DE0019AA6C /* Release */ = {
			isa = XCBuildConfiguration;
			buildSettings = {
				ALWAYS_SEARCH_USER_PATHS = NO;
				CLANG_CXX_LANGUAGE_STANDARD = "gnu++0x";
				CLANG_CXX_LIBRARY = "libc++";
				CLANG_ENABLE_MODULES = YES;
				CLANG_ENABLE_OBJC_ARC = YES;
				CLANG_WARN_BOOL_CONVERSION = YES;
				CLANG_WARN_CONSTANT_CONVERSION = YES;
				CLANG_WARN_DIRECT_OBJC_ISA_USAGE = YES_ERROR;
				CLANG_WARN_EMPTY_BODY = YES;
				CLANG_WARN_ENUM_CONVERSION = YES;
				CLANG_WARN_INT_CONVERSION = YES;
				CLANG_WARN_OBJC_ROOT_CLASS = YES_ERROR;
				CLANG_WARN_UNREACHABLE_CODE = YES;
				CLANG_WARN__DUPLICATE_METHOD_MATCH = YES;
				"CODE_SIGN_IDENTITY[sdk=iphoneos*]" = "iPhone Developer";
				COPY_PHASE_STRIP = YES;
				ENABLE_NS_ASSERTIONS = NO;
				ENABLE_STRICT_OBJC_MSGSEND = YES;
				GCC_C_LANGUAGE_STANDARD = gnu99;
				GCC_WARN_64_TO_32_BIT_CONVERSION = YES;
				GCC_WARN_ABOUT_RETURN_TYPE = YES_ERROR;
				GCC_WARN_UNDECLARED_SELECTOR = YES;
				GCC_WARN_UNINITIALIZED_AUTOS = YES_AGGRESSIVE;
				GCC_WARN_UNUSED_FUNCTION = YES;
				GCC_WARN_UNUSED_VARIABLE = YES;
				IPHONEOS_DEPLOYMENT_TARGET = 8.1;
				MTL_ENABLE_DEBUG_INFO = NO;
				SDKROOT = iphoneos;
				VALIDATE_PRODUCT = YES;
			};
			name = Release;
		};
		5C0043AE1A3585DE0019AA6C /* Debug */ = {
			isa = XCBuildConfiguration;
			buildSettings = {
				ASSETCATALOG_COMPILER_APPICON_NAME = AppIcon;
				INFOPLIST_FILE = SendTopic/Info.plist;
				LD_RUNPATH_SEARCH_PATHS = "$(inherited) @executable_path/Frameworks";
				PRODUCT_NAME = "$(TARGET_NAME)";
			};
			name = Debug;
		};
		5C0043AF1A3585DE0019AA6C /* Release */ = {
			isa = XCBuildConfiguration;
			buildSettings = {
				ASSETCATALOG_COMPILER_APPICON_NAME = AppIcon;
				INFOPLIST_FILE = SendTopic/Info.plist;
				LD_RUNPATH_SEARCH_PATHS = "$(inherited) @executable_path/Frameworks";
				PRODUCT_NAME = "$(TARGET_NAME)";
			};
			name = Release;
		};
		5C0043B11A3585DE0019AA6C /* Debug */ = {
			isa = XCBuildConfiguration;
			buildSettings = {
				BUNDLE_LOADER = "$(TEST_HOST)";
				FRAMEWORK_SEARCH_PATHS = (
					"$(SDKROOT)/Developer/Library/Frameworks",
					"$(inherited)",
				);
				GCC_PREPROCESSOR_DEFINITIONS = (
					"DEBUG=1",
					"$(inherited)",
				);
				INFOPLIST_FILE = SendTopicTests/Info.plist;
				LD_RUNPATH_SEARCH_PATHS = "$(inherited) @executable_path/Frameworks @loader_path/Frameworks";
				PRODUCT_NAME = "$(TARGET_NAME)";
				TEST_HOST = "$(BUILT_PRODUCTS_DIR)/SendTopic.app/SendTopic";
			};
			name = Debug;
		};
		5C0043B21A3585DE0019AA6C /* Release */ = {
			isa = XCBuildConfiguration;
			buildSettings = {
				BUNDLE_LOADER = "$(TEST_HOST)";
				FRAMEWORK_SEARCH_PATHS = (
					"$(SDKROOT)/Developer/Library/Frameworks",
					"$(inherited)",
				);
				INFOPLIST_FILE = SendTopicTests/Info.plist;
				LD_RUNPATH_SEARCH_PATHS = "$(inherited) @executable_path/Frameworks @loader_path/Frameworks";
				PRODUCT_NAME = "$(TARGET_NAME)";
				TEST_HOST = "$(BUILT_PRODUCTS_DIR)/SendTopic.app/SendTopic";
			};
			name = Release;
		};
/* End XCBuildConfiguration section */

/* Begin XCConfigurationList section */
		5C0043851A3585DE0019AA6C /* Build configuration list for PBXProject "SendTopic" */ = {
			isa = XCConfigurationList;
			buildConfigurations = (
				5C0043AB1A3585DE0019AA6C /* Debug */,
				5C0043AC1A3585DE0019AA6C /* Release */,
			);
			defaultConfigurationIsVisible = 0;
			defaultConfigurationName = Release;
		};
		5C0043AD1A3585DE0019AA6C /* Build configuration list for PBXNativeTarget "SendTopic" */ = {
			isa = XCConfigurationList;
			buildConfigurations = (
				5C0043AE1A3585DE0019AA6C /* Debug */,
				5C0043AF1A3585DE0019AA6C /* Release */,
			);
			defaultConfigurationIsVisible = 0;
			defaultConfigurationName = Release;
		};
		5C0043B01A3585DE0019AA6C /* Build configuration list for PBXNativeTarget "SendTopicTests" */ = {
			isa = XCConfigurationList;
			buildConfigurations = (
				5C0043B11A3585DE0019AA6C /* Debug */,
				5C0043B21A3585DE0019AA6C /* Release */,
			);
			defaultConfigurationIsVisible = 0;
			defaultConfigurationName = Release;
		};
/* End XCConfigurationList section */
	};
	rootObject = 5C0043821A3585DE0019AA6C /* Project object */;
}
